# This file is automatically @generated by Cargo.
# It is not intended for manual editing.
version = 4

[[package]]
name = "aho-corasick"
version = "1.1.5"
source = "registry+https://github.com/rust-lang/crates.io-index"
checksum = "c982642fa9e8606056828ee9a8505737230110bb1099153c79efe865c59d12ba"
dependencies = [
 "memchr",
]

[[package]]
name = "arborium"
version = "2.18.2"
source = "registry+https://github.com/rust-lang/crates.io-index"
checksum = "230e826fe3204178030e420751396c99431e4611fc67af63baf7767b4317bd75"
dependencies = [
 "arborium-highlight",
 "arborium-python",
 "arborium-rust",
 "arborium-theme",
 "arborium-tree-sitter",
 "dlmalloc",
]

[[package]]
name = "arborium-highlight"
version = "2.18.2"
source = "registry+https://github.com/rust-lang/crates.io-index"
checksum = "cee400d694bd935c513c50f9b1fda469b6d9cd192d80fede7bfa9e5851a54cb8"
dependencies = [
 "arborium-theme",
 "arborium-tree-sitter",
 "streaming-iterator",
]

[[package]]
name = "arborium-python"
version = "2.18.2"
source = "registry+https://github.com/rust-lang/crates.io-index"
checksum = "4da0da209e87d12f5922c5a7c005883d48d06baf0bf9b5d05bbe607b532e599f"
dependencies = [
 "arborium-sysroot",
 "cc",
 "tree-sitter-language",
]

[[package]]
name = "arborium-rust"
version = "2.18.2"
source = "registry+https://github.com/rust-lang/crates.io-index"
checksum = "8471397c67c4164b93d6a23ae80fb5b7af5dcc00fa9b143015efb1ea927ca8da"
dependencies = [
 "arborium-sysroot",
 "cc",
 "tree-sitter-language",
]

[[package]]
name = "arborium-sysroot"
version = "2.18.2"
source = "registry+https://github.com/rust-lang/crates.io-index"
checksum = "ddd9d120dd5df8b918cd96676a88f1233a66f10687d415b69f70b3396acddddf"
dependencies = [
 "cc",
 "dlmalloc",
]

[[package]]
name = "arborium-theme"
version = "2.18.2"
source = "registry+https://github.com/rust-lang/crates.io-index"
checksum = "042f9d025c80b2e625b4f0f10eda56a652444ef916025e855a292937bb8a949a"

[[package]]
name = "arborium-tree-sitter"
version = "2.18.2"
source = "registry+https://github.com/rust-lang/crates.io-index"
checksum = "bd8de97695c76508ab780e03bd1db009f5db8567c985f5da5ae91a2ad57ef2bc"
dependencies = [
 "arborium-sysroot",
 "cc",
 "regex",
 "regex-syntax",
 "streaming-iterator",
 "tree-sitter-language",
]

[[package]]
name = "bitflags"
version = "2.13.2"
source = "registry+https://github.com/rust-lang/crates.io-index"
checksum = "3ded4057c258ba199e2d26386d3af3780957ecaee6c4ef4041c6b4b8b97c0b06"

[[package]]
name = "block-buffer"
version = "0.12.1"
source = "registry+https://github.com/rust-lang/crates.io-index"
checksum = "d2f6c7dbe95a6ed67ad9f18e57daf93a2f034c524b99fd2b76d18fdfeb6660aa"
dependencies = [
 "hybrid-array",
]

[[package]]
name = "bumpalo"
version = "3.20.3"
source = "registry+https://github.com/rust-lang/crates.io-index"
checksum = "72f5acc6cb2ba439de613abc23857ec3d78374d8ed5ac84e9d11336e87da8649"

[[package]]
name = "cc"
version = "1.4.7"
source = "registry+https://github.com/rust-lang/crates.io-index"
checksum = "54413ede23c2daf518f35156dfde027feb2374004d63bd497f983c8db9c0e313"
dependencies = [
 "find-msvc-tools",
 "shlex",
]

[[package]]
name = "cfg-if"
version = "1.0.5"
source = "registry+https://github.com/rust-lang/crates.io-index"
checksum = "4e7648175b45a9a48536d676f68d918270699102aa8dab5496df06904c914600"

[[package]]
name = "const-oid"
version = "0.10.2"
source = "registry+https://github.com/rust-lang/crates.io-index"
checksum = "a6ef517f0926dd24a1582492c791b6a4818a4d94e789a334894aa15b0d12f55c"

[[package]]
name = "cpufeatures"
version = "0.3.1"
source = "registry+https://github.com/rust-lang/crates.io-index"
checksum = "5ca28b0ae3115b884660db4118d803791fd6756b6e88f39c0f3f7859060d7566"
dependencies = [
 "libc",
]

[[package]]
name = "crypto-common"
version = "0.2.2"
source = "registry+https://github.com/rust-lang/crates.io-index"
checksum = "ce6e4c961d6cd6c9a86db418387425e8bdeaf05b3c8bc1411e6dca4c252f1453"
dependencies = [
 "hybrid-array",
]

[[package]]
name = "digest"
version = "0.11.3"
source = "registry+https://github.com/rust-lang/crates.io-index"
checksum = "f1dd6dbb5841937940781866fa1281a1ff7bd3bf827091440879f9994983d5c2"
dependencies = [
 "block-buffer",
 "const-oid",
 "crypto-common",
]

[[package]]
name = "dlmalloc"
version = "0.2.14"
source = "registry+https://github.com/rust-lang/crates.io-index"
checksum = "ad5208a115eaba24916f7456929832e310a81518c641f93fee4f89aa93aa3675"
dependencies = [
 "cfg-if",
 "libc",
 "windows-sys",
]

[[package]]
name = "equivalent"
version = "1.0.2"
source = "registry+https://github.com/rust-lang/crates.io-index"
checksum = "877a4ace8713b0bcf2a4e7eec82529c029f1d0619886d18145fea96c3ffe5c0f"

[[package]]
name = "find-msvc-tools"
version = "0.1.13"
source = "registry+https://github.com/rust-lang/crates.io-index"
checksum = "ef25905e51abafe4dcea6c15fec58c57b601cdbd0ee53d22ea1d3016c587d39b"

[[package]]
name = "foldhash"
version = "0.2.0"
source = "registry+https://github.com/rust-lang/crates.io-index"
checksum = "77ce24cb58228fbb8aa041425bb1050850ac19177686ea6e0f41a70416f56fdb"

[[package]]
name = "hashbrown"
version = "0.17.1"
source = "registry+https://github.com/rust-lang/crates.io-index"
checksum = "ed5909b6e89a2db4456e54cd5f673791d7eca6732202bbf2a9cc504fe2f9b84a"
dependencies = [
 "foldhash",
 "serde",
 "serde_core",
]

[[package]]
name = "hybrid-array"
version = "0.4.15"
source = "registry+https://github.com/rust-lang/crates.io-index"
checksum = "27f864f10dfb56725ce5ce5472bc52252c8f93a4ab86327122cebf62c5f59a17"
dependencies = [
 "typenum",
]

[[package]]
name = "indexmap"
version = "2.14.2"
source = "registry+https://github.com/rust-lang/crates.io-index"
checksum = "cc4e190f5d26ca7051642629da2c52fc03bde85a03197c99408dcd291734c855"
dependencies = [
 "equivalent",
 "hashbrown",
 "serde",
 "serde_core",
]

[[package]]
name = "itoa"
version = "1.0.18"
source = "registry+https://github.com/rust-lang/crates.io-index"
checksum = "8f42a60cbdf9a97f5d2305f08a87dc4e09308d1276d28c869c684d7777685682"

[[package]]
name = "leb128fmt"
version = "0.1.0"
source = "registry+https://github.com/rust-lang/crates.io-index"
checksum = "09edd9e8b54e49e587e4f6295a7d29c3ea94d469cb40ab8ca70b288248a81db2"

[[package]]
name = "libc"
version = "0.2.189"
source = "registry+https://github.com/rust-lang/crates.io-index"
checksum = "3eaf3ede3fee6db1a4c2ee091bf8a8b4dccdc6d17f656fb07896ee72867612f2"

[[package]]
name = "memchr"
version = "2.8.3"
source = "registry+https://github.com/rust-lang/crates.io-index"
checksum = "cf8baf1c55e62ffcace7a9f06f4bd9cd3f0c4beb022d3b367256b91b87513d98"

[[package]]
name = "proc-macro2"
version = "1.0.107"
source = "registry+https://github.com/rust-lang/crates.io-index"
checksum = "985e7ec9bb745e6ce6535b544d84d6cd6f7ad8bd711c398938ae983b91a766d9"
dependencies = [
 "unicode-ident",
]

[[package]]
name = "quote"
version = "1.0.47"
source = "registry+https://github.com/rust-lang/crates.io-index"
checksum = "1fbf4db142a473a8d80c26bbf18454ed458bf8d26c8219c331daecfdbd079001"
dependencies = [
 "proc-macro2",
]

[[package]]
name = "regex"
version = "1.13.1"
source = "registry+https://github.com/rust-lang/crates.io-index"
checksum = "f020237b6c8eed93db2e2cb53c00c60a8e1bc73da7d073199a1180401450218d"
dependencies = [
 "aho-corasick",
 "memchr",
 "regex-automata",
 "regex-syntax",
]

[[package]]
name = "regex-automata"
version = "0.4.18"
source = "registry+https://github.com/rust-lang/crates.io-index"
checksum = "ad8553b9b26413251cbf30e620595c7a41b3887f03da04579c0e6b0d6a06b4b2"
dependencies = [
 "aho-corasick",
 "memchr",
 "regex-syntax",
]

[[package]]
name = "regex-syntax"
version = "0.8.11"
source = "registry+https://github.com/rust-lang/crates.io-index"
checksum = "d6f6ff9a378485b298a5286656da665ba74413d36db0979633275d2e708145d4"

[[package]]
name = "semver"
version = "1.0.28"
source = "registry+https://github.com/rust-lang/crates.io-index"
checksum = "8a7852d02fc848982e0c167ef163aaff9cd91dc640ba85e263cb1ce46fae51cd"

[[package]]
name = "serde"
version = "1.0.229"
source = "registry+https://github.com/rust-lang/crates.io-index"
checksum = "4148590afebada386688f18773da617792bf2ef03ffc1e4cbd2b1d45b023e0ba"
dependencies = [
 "serde_core",
 "serde_derive",
]

[[package]]
name = "serde_core"
version = "1.0.229"
source = "registry+https://github.com/rust-lang/crates.io-index"
checksum = "67dca2c9c51e58a4791a4b1ed58308b39c64224d349a935ab5039aa360942a48"
dependencies = [
 "serde_derive",
]

[[package]]
name = "serde_derive"
version = "1.0.229"
source = "registry+https://github.com/rust-lang/crates.io-index"
checksum = "e7a5d71263a5a7d47b41f6b3f06ba276f10cc18b0931f1799f710578e2309348"
dependencies = [
 "proc-macro2",
 "quote",
 "syn",
]

[[package]]
name = "serde_json"
version = "1.0.151"
source = "registry+https://github.com/rust-lang/crates.io-index"
checksum = "c841b55ecdae098c80dcae9cf767f6f8a0c2cdb3416bbef72181df4d0fe73f14"
dependencies = [
 "itoa",
 "memchr",
 "serde",
 "serde_core",
 "zmij",
]

[[package]]
name = "sha2"
version = "0.11.0"
source = "registry+https://github.com/rust-lang/crates.io-index"
checksum = "446ba717509524cb3f22f17ecc096f10f4822d76ab5c0b9822c5f9c284e825f4"
dependencies = [
 "cfg-if",
 "cpufeatures",
 "digest",
]

[[package]]
name = "shlex"
version = "2.0.1"
source = "registry+https://github.com/rust-lang/crates.io-index"
checksum = "f8fadd59c855ef2080decdef8ff161eb6661b86933c9d82e5ba29dc602a55aba"

[[package]]
name = "streaming-iterator"
version = "0.1.9"
source = "registry+https://github.com/rust-lang/crates.io-index"
checksum = "2b2231b7c3057d5e4ad0156fb3dc807d900806020c5ffa3ee6ff2c8c76fb8520"

[[package]]
name = "syn"
version = "3.0.6"
source = "registry+https://github.com/rust-lang/crates.io-index"
checksum = "8593e8e72159ed2257d083c7a454a85cbf854f37a0966d8d483aff8c8a3ebcee"
dependencies = [
 "proc-macro2",
 "quote",
 "unicode-ident",
]

[[package]]
name = "talos-language-guest"
version = "0.1.0"
dependencies = [
 "arborium",
 "arborium-highlight",
 "arborium-theme",
 "serde",
 "serde_json",
]

[[package]]
name = "talos-language-python"
version = "0.1.0"
dependencies = [
 "serde_json",
 "talos-language-guest",
]

[[package]]
name = "talos-language-rust"
version = "0.1.0"
dependencies = [
 "serde_json",
 "talos-language-guest",
]

[[package]]
name = "talos-plugin-package"
version = "0.1.0"
dependencies = [
 "sha2",
 "wasmparser",
 "wat",
]

[[package]]
name = "tree-sitter-language"
version = "0.1.8"
source = "registry+https://github.com/rust-lang/crates.io-index"
checksum = "ca0d1bf6fdd806e43ae5198f82f527056d359def39e54e67a0f478ac09dac081"

[[package]]
name = "typenum"
version = "1.20.1"
source = "registry+https://github.com/rust-lang/crates.io-index"
checksum = "b6f5e870be6c3b371b77fe0ee0bafb859fa4964b4404c27de1d380043c4dda20"

[[package]]
name = "unicode-ident"
version = "1.0.26"
source = "registry+https://github.com/rust-lang/crates.io-index"
checksum = "d245f478577f809a851594d02313b640fb437e0bb33866753cff937863096954"

[[package]]
name = "unicode-width"
version = "0.2.2"
source = "registry+https://github.com/rust-lang/crates.io-index"
checksum = "b4ac048d71ede7ee76d585517add45da530660ef4390e49b098733c6e897f254"

[[package]]
name = "wasm-encoder"
version = "0.259.0"
source = "registry+https://github.com/rust-lang/crates.io-index"
checksum = "b1d0246511d901aacf25d2dc9111f0054947de5e093fe662099e709ff7530dc3"
dependencies = [
 "leb128fmt",
 "wasmparser",
]

[[package]]
name = "wasmparser"
version = "0.259.0"
source = "registry+https://github.com/rust-lang/crates.io-index"
checksum = "0f7c12eac7bb587801590f6a67ff0bc84d0748513864b71108e4b311cc3df694"
dependencies = [
 "bitflags",
 "hashbrown",
 "indexmap",
 "semver",
 "serde",
]

[[package]]
name = "wast"
version = "259.0.0"
source = "registry+https://github.com/rust-lang/crates.io-index"
checksum = "c69beba8d9da07af9a0971b559149a2ac4729895b55144de4fddbf5a02660648"
dependencies = [
 "bumpalo",
 "leb128fmt",
 "memchr",
 "unicode-width",
 "wasm-encoder",
]

[[package]]
name = "wat"
version = "1.259.0"
source = "registry+https://github.com/rust-lang/crates.io-index"
checksum = "c6eec44b0c80391b20fb7ad9ea440c72c5d382385bdf74444bb18321c425017e"
dependencies = [
 "wast",
]

[[package]]
name = "windows-link"
version = "0.2.1"
source = "registry+https://github.com/rust-lang/crates.io-index"
checksum = "f0805222e57f7521d6a62e36fa9163bc891acd422f971defe97d64e70d0a4fe5"

[[package]]
name = "windows-sys"
version = "0.61.2"
source = "registry+https://github.com/rust-lang/crates.io-index"
checksum = "ae137229bcbd6cdf0f7b80a31df61766145077ddf49416a728b02cb3921ff3fc"
dependencies = [
 "windows-link",
]

[[package]]
name = "zmij"
version = "1.0.23"
source = "registry+https://github.com/rust-lang/crates.io-index"
checksum = "29666d0abbfad1e3dc4dcf6144730dd3a3ab225bbbdac83319345b1b44ccfc1b"
